Microsoft Visual Studio Solution File, Format Version 11.00
# Visual Studio 2008

Project("{6CF9E492-FD47-BBA4-42A3-E323C38A56A7}") = "FGJ2017", "Assembly-CSharp.csproj", "{3B590FD5-212F-C028-05B6-B809F47045DB}"
EndProject
Global
	GlobalSection(SolutionConfigurationPlatforms) = preSolution
		Debug|Any CPU = Debug|Any CPU
		Release|Any CPU = Release|Any CPU
	EndGlobalSection
	GlobalSection(ProjectConfigurationPlatforms) = postSolution
		{3B590FD5-212F-C028-05B6-B809F47045DB}.Debug|Any CPU.ActiveCfg = Debug|Any CPU
		{3B590FD5-212F-C028-05B6-B809F47045DB}.Debug|Any CPU.Build.0 = Debug|Any CPU
		{3B590FD5-212F-C028-05B6-B809F47045DB}.Release|Any CPU.ActiveCfg = Release|Any CPU
		{3B590FD5-212F-C028-05B6-B809F47045DB}.Release|Any CPU.Build.0 = Release|Any CPU
	EndGlobalSection
	GlobalSection(SolutionProperties) = preSolution
		HideSolutionNode = FALSE
	EndGlobalSection
	GlobalSection(MonoDevelopProperties) = preSolution
		StartupItem = Assembly-CSharp.csproj
	EndGlobalSection
EndGlobal
